
Microsoft Visual Studio Solution File, Format Version 12.00
# Visual Studio Version 17
VisualStudioVersion = 17.2.32630.192
MinimumVisualStudioVersion = 10.0.40219.1
Project("{FAE04EC0-301F-11D3-BF4B-00C04F79EFBC}") = "SimpleExample", "TypesOfFacade\SimpleExample.csproj", "{B967BB4A-96F2-4FEE-94F3-0FF5143F050C}"
EndProject
Global
	GlobalSection(SolutionConfigurationPlatforms) = preSolution
		Debug|Any CPU = Debug|Any CPU
		Release|Any CPU = Release|Any CPU
	EndGlobalSection
	GlobalSection(ProjectConfigurationPlatforms) = postSolution
		{B967BB4A-96F2-4FEE-94F3-0FF5143F050C}.Debug|Any CPU.ActiveCfg = Debug|Any CPU
		{B967BB4A-96F2-4FEE-94F3-0FF5143F050C}.Debug|Any CPU.Build.0 = Debug|Any CPU
		{B967BB4A-96F2-4FEE-94F3-0FF5143F050C}.Release|Any CPU.ActiveCfg = Release|Any CPU
		{B967BB4A-96F2-4FEE-94F3-0FF5143F050C}.Release|Any CPU.Build.0 = Release|Any CPU
	EndGlobalSection
	GlobalSection(SolutionProperties) = preSolution
		HideSolutionNode = FALSE
	EndGlobalSection
	GlobalSection(ExtensibilityGlobals) = postSolution
		SolutionGuid = {D7C1F63B-A0DE-4A49-9F91-9742F3BAB27F}
	EndGlobalSection
EndGlobal
